
Microsoft Visual Studio Solution File, Format Version 12.00
# Visual Studio 15
VisualStudioVersion = 15.0.28307.572
MinimumVisualStudioVersion = 10.0.40219.1
Project("{FAE04EC0-301F-11D3-BF4B-00C04F79EFBC}") = "ImageViewer", "ImageViewer\ImageViewer.csproj", "{C0CBADB4-D1D6-4CF1-B875-3835697081DE}"
EndProject
Global
	GlobalSection(SolutionConfigurationPlatforms) = preSolution
		Debug|Any CPU = Debug|Any CPU
		Release|Any CPU = Release|Any CPU
	EndGlobalSection
	GlobalSection(ProjectConfigurationPlatforms) = postSolution
		{C0CBADB4-D1D6-4CF1-B875-3835697081DE}.Debug|Any CPU.ActiveCfg = Debug|Any CPU
		{C0CBADB4-D1D6-4CF1-B875-3835697081DE}.Debug|Any CPU.Build.0 = Debug|Any CPU
		{C0CBADB4-D1D6-4CF1-B875-3835697081DE}.Release|Any CPU.ActiveCfg = Release|Any CPU
		{C0CBADB4-D1D6-4CF1-B875-3835697081DE}.Release|Any CPU.Build.0 = Release|Any CPU
	EndGlobalSection
	GlobalSection(SolutionProperties) = preSolution
		HideSolutionNode = FALSE
	EndGlobalSection
	GlobalSection(ExtensibilityGlobals) = postSolution
		SolutionGuid = {142CF905-0B10-40FC-91D4-75974A9FF822}
	EndGlobalSection
EndGlobal
